
Microsoft Visual Studio Solution File, Format Version 12.00
Project("{FAE04EC0-301F-11D3-BF4B-00C04F79EFBC}") = "imaa.API", "imaa.API\imaa.API.csproj", "{DCA408B6-ED4C-4BD9-A4B8-9BE79128B077}"
EndProject
Project("{FAE04EC0-301F-11D3-BF4B-00C04F79EFBC}") = "imaa.Application", "imaa.Application\imaa.Application.csproj", "{94BD4A32-A320-4C46-A8D9-174B70251BF1}"
EndProject
Project("{FAE04EC0-301F-11D3-BF4B-00C04F79EFBC}") = "imaa.Infrastructure", "imaa.Infrastructure\imaa.Infrastructure.csproj", "{0A275285-2D21-4FE6-8D7C-385CF9C6D173}"
EndProject
Project("{FAE04EC0-301F-11D3-BF4B-00C04F79EFBC}") = "imaa.Persistence", "imaa.Persistence\imaa.Persistence.csproj", "{6BA62938-1DA7-48B7-A53E-7BB51F2FDF0E}"
EndProject
Project("{FAE04EC0-301F-11D3-BF4B-00C04F79EFBC}") = "imaa.Domain", "imaa.Domain\imaa.Domain.csproj", "{850C81DC-7235-49D4-BBF3-1CDE4889A93F}"
EndProject
Project("{2150E333-8FDC-42A3-9474-1A3956D46DE8}") = "Presentation", "Presentation", "{9F4B218C-B559-49F4-83D0-912D19CCBDBD}"
EndProject
Project("{2150E333-8FDC-42A3-9474-1A3956D46DE8}") = "Core", "Core", "{CC56CBAD-DDA0-499F-BA03-B230F34629F6}"
EndProject
Project("{2150E333-8FDC-42A3-9474-1A3956D46DE8}") = "Data", "Data", "{6E28DA2F-0552-4C03-A767-453C3EDB8F4F}"
EndProject
Project("{FAE04EC0-301F-11D3-BF4B-00C04F79EFBC}") = "imaa.Utils", "imaa.Utils\imaa.Utils.csproj", "{4C0D4704-BA26-4C09-9188-281668093B80}"
EndProject
Global
	GlobalSection(SolutionConfigurationPlatforms) = preSolution
		Debug|Any CPU = Debug|Any CPU
		Release|Any CPU = Release|Any CPU
	EndGlobalSection
	GlobalSection(ProjectConfigurationPlatforms) = postSolution
		{DCA408B6-ED4C-4BD9-A4B8-9BE79128B077}.Debug|Any CPU.ActiveCfg = Debug|Any CPU
		{DCA408B6-ED4C-4BD9-A4B8-9BE79128B077}.Debug|Any CPU.Build.0 = Debug|Any CPU
		{DCA408B6-ED4C-4BD9-A4B8-9BE79128B077}.Release|Any CPU.ActiveCfg = Release|Any CPU
		{DCA408B6-ED4C-4BD9-A4B8-9BE79128B077}.Release|Any CPU.Build.0 = Release|Any CPU
		{94BD4A32-A320-4C46-A8D9-174B70251BF1}.Debug|Any CPU.ActiveCfg = Debug|Any CPU
		{94BD4A32-A320-4C46-A8D9-174B70251BF1}.Debug|Any CPU.Build.0 = Debug|Any CPU
		{94BD4A32-A320-4C46-A8D9-174B70251BF1}.Release|Any CPU.ActiveCfg = Release|Any CPU
		{94BD4A32-A320-4C46-A8D9-174B70251BF1}.Release|Any CPU.Build.0 = Release|Any CPU
		{0A275285-2D21-4FE6-8D7C-385CF9C6D173}.Debug|Any CPU.ActiveCfg = Debug|Any CPU
		{0A275285-2D21-4FE6-8D7C-385CF9C6D173}.Debug|Any CPU.Build.0 = Debug|Any CPU
		{0A275285-2D21-4FE6-8D7C-385CF9C6D173}.Release|Any CPU.ActiveCfg = Release|Any CPU
		{0A275285-2D21-4FE6-8D7C-385CF9C6D173}.Release|Any CPU.Build.0 = Release|Any CPU
		{6BA62938-1DA7-48B7-A53E-7BB51F2FDF0E}.Debug|Any CPU.ActiveCfg = Debug|Any CPU
		{6BA62938-1DA7-48B7-A53E-7BB51F2FDF0E}.Debug|Any CPU.Build.0 = Debug|Any CPU
		{6BA62938-1DA7-48B7-A53E-7BB51F2FDF0E}.Release|Any CPU.ActiveCfg = Release|Any CPU
		{6BA62938-1DA7-48B7-A53E-7BB51F2FDF0E}.Release|Any CPU.Build.0 = Release|Any CPU
		{850C81DC-7235-49D4-BBF3-1CDE4889A93F}.Debug|Any CPU.ActiveCfg = Debug|Any CPU
		{850C81DC-7235-49D4-BBF3-1CDE4889A93F}.Debug|Any CPU.Build.0 = Debug|Any CPU
		{850C81DC-7235-49D4-BBF3-1CDE4889A93F}.Release|Any CPU.ActiveCfg = Release|Any CPU
		{850C81DC-7235-49D4-BBF3-1CDE4889A93F}.Release|Any CPU.Build.0 = Release|Any CPU
		{4C0D4704-BA26-4C09-9188-281668093B80}.Debug|Any CPU.ActiveCfg = Debug|Any CPU
		{4C0D4704-BA26-4C09-9188-281668093B80}.Debug|Any CPU.Build.0 = Debug|Any CPU
		{4C0D4704-BA26-4C09-9188-281668093B80}.Release|Any CPU.ActiveCfg = Release|Any CPU
		{4C0D4704-BA26-4C09-9188-281668093B80}.Release|Any CPU.Build.0 = Release|Any CPU
	EndGlobalSection
	GlobalSection(NestedProjects) = preSolution
		{DCA408B6-ED4C-4BD9-A4B8-9BE79128B077} = {9F4B218C-B559-49F4-83D0-912D19CCBDBD}
		{94BD4A32-A320-4C46-A8D9-174B70251BF1} = {CC56CBAD-DDA0-499F-BA03-B230F34629F6}
		{850C81DC-7235-49D4-BBF3-1CDE4889A93F} = {CC56CBAD-DDA0-499F-BA03-B230F34629F6}
		{0A275285-2D21-4FE6-8D7C-385CF9C6D173} = {6E28DA2F-0552-4C03-A767-453C3EDB8F4F}
		{6BA62938-1DA7-48B7-A53E-7BB51F2FDF0E} = {6E28DA2F-0552-4C03-A767-453C3EDB8F4F}
		{4C0D4704-BA26-4C09-9188-281668093B80} = {CC56CBAD-DDA0-499F-BA03-B230F34629F6}
	EndGlobalSection
EndGlobal
